{
  "nodes": {
    "nixpkgs": {
      "locked": {
        "lastModified": 1648583894,
        "narHash": "sha256-wdhgGO3yiBn7fMmI2jSfoondsh2O8Jt81e3H4RYnrHc=",
        "owner": "nixos",
        "repo": "nixpkgs",
        "rev": "00e27c78d3d2de6964096ceee8d70e5b487365e3",
        "type": "github"
      },
      "original": {
        "owner": "nixos",
        "ref": "nixos-unstable-small",
        "repo": "nixpkgs",
        "type": "github"
      }
    },
    "root": {
      "inputs": {
        "nixpkgs": "nixpkgs"
      }
    }
  },
  "root": "root",
  "version": 7
}
