{
  "nodes": {
    "nixpkgs": {
      "locked": {
        "lastModified": 1638045166,
        "narHash": "sha256-HguPozGbLldZ9BBQbD02S+LkgLkB2szsAyCf22Wx0Cs=",
        "owner": "nixos",
        "repo": "nixpkgs",
        "rev": "16eb003524804f7c6d6f522a238e8ab2557eedf9",
        "type": "github"
      },
      "original": {
        "owner": "nixos",
        "ref": "nixos-unstable-small",
        "repo": "nixpkgs",
        "type": "github"
      }
    },
    "root": {
      "inputs": {
        "nixpkgs": "nixpkgs"
      }
    }
  },
  "root": "root",
  "version": 7
}
