{
  "nodes": {
    "nixpkgs": {
      "locked": {
        "lastModified": 1650703034,
        "narHash": "sha256-djfwG2HDkRZ6jgqPzedpttRI8qhQAheeDASzg4ZcqEI=",
        "owner": "nixos",
        "repo": "nixpkgs",
        "rev": "d66d12d43f858181f34f8ce1116166c596b737f3",
        "type": "github"
      },
      "original": {
        "owner": "nixos",
        "ref": "nixos-unstable-small",
        "repo": "nixpkgs",
        "type": "github"
      }
    },
    "root": {
      "inputs": {
        "nixpkgs": "nixpkgs"
      }
    }
  },
  "root": "root",
  "version": 7
}
